
Microsoft Visual Studio Solution File, Format Version 12.00
# Visual Studio 2012
Project("{FAE04EC0-301F-11D3-BF4B-00C04F79EFBC}") = "BlahBlahBlah", "BlahBlahBlah\BlahBlahBlah.csproj", "{B755708C-32FC-441D-9E28-9C9A3106177B}"
EndProject
Global
	GlobalSection(SolutionConfigurationPlatforms) = preSolution
		Debug|Any CPU = Debug|Any CPU
		Release|Any CPU = Release|Any CPU
	EndGlobalSection
	GlobalSection(ProjectConfigurationPlatforms) = postSolution
		{B755708C-32FC-441D-9E28-9C9A3106177B}.Debug|Any CPU.ActiveCfg = Debug|Any CPU
		{B755708C-32FC-441D-9E28-9C9A3106177B}.Debug|Any CPU.Build.0 = Debug|Any CPU
		{B755708C-32FC-441D-9E28-9C9A3106177B}.Release|Any CPU.ActiveCfg = Release|Any CPU
		{B755708C-32FC-441D-9E28-9C9A3106177B}.Release|Any CPU.Build.0 = Release|Any CPU
	EndGlobalSection
	GlobalSection(MonoDevelopProperties) = preSolution
		StartupItem = BlahBlahBlah\BlahBlahBlah.csproj
	EndGlobalSection
EndGlobal
